
Microsoft Visual Studio Solution File, Format Version 12.00
# Visual Studio Version 17
VisualStudioVersion = 17.5.33516.290
MinimumVisualStudioVersion = 10.0.40219.1
Project("{FAE04EC0-301F-11D3-BF4B-00C04F79EFBC}") = "Ecommerce.API.Products", "Ecommerce.API.Products\Ecommerce.API.Products.csproj", "{677F6A23-D246-42E0-A401-A206EA999A8D}"
EndProject
Project("{FAE04EC0-301F-11D3-BF4B-00C04F79EFBC}") = "Ecommerce.API.Customers", "Ecommerce.API.Customers\Ecommerce.API.Customers.csproj", "{2A8AA7A9-1EDB-41B7-82AD-B3FB946A570A}"
EndProject
Project("{FAE04EC0-301F-11D3-BF4B-00C04F79EFBC}") = "Ecommerce.API.Orders", "Ecommerce.API.Orders\Ecommerce.API.Orders.csproj", "{6ED76D34-4035-43F6-9597-A4935AF14111}"
EndProject
Project("{FAE04EC0-301F-11D3-BF4B-00C04F79EFBC}") = "Ecommerce.API.Search", "Ecommerce.API.Search\Ecommerce.API.Search.csproj", "{F08DDDD1-0926-427C-B6CC-460F7FFE4AAF}"
EndProject
Project("{FAE04EC0-301F-11D3-BF4B-00C04F79EFBC}") = "ECommerce.API.Products.Tests", "ECommerce.API.Products.Tests\ECommerce.API.Products.Tests.csproj", "{958C21FB-C63C-4FCE-96D9-3F613EC270E8}"
EndProject
Global
	GlobalSection(SolutionConfigurationPlatforms) = preSolution
		Debug|Any CPU = Debug|Any CPU
		Release|Any CPU = Release|Any CPU
	EndGlobalSection
	GlobalSection(ProjectConfigurationPlatforms) = postSolution
		{677F6A23-D246-42E0-A401-A206EA999A8D}.Debug|Any CPU.ActiveCfg = Debug|Any CPU
		{677F6A23-D246-42E0-A401-A206EA999A8D}.Debug|Any CPU.Build.0 = Debug|Any CPU
		{677F6A23-D246-42E0-A401-A206EA999A8D}.Release|Any CPU.ActiveCfg = Release|Any CPU
		{677F6A23-D246-42E0-A401-A206EA999A8D}.Release|Any CPU.Build.0 = Release|Any CPU
		{2A8AA7A9-1EDB-41B7-82AD-B3FB946A570A}.Debug|Any CPU.ActiveCfg = Debug|Any CPU
		{2A8AA7A9-1EDB-41B7-82AD-B3FB946A570A}.Debug|Any CPU.Build.0 = Debug|Any CPU
		{2A8AA7A9-1EDB-41B7-82AD-B3FB946A570A}.Release|Any CPU.ActiveCfg = Release|Any CPU
		{2A8AA7A9-1EDB-41B7-82AD-B3FB946A570A}.Release|Any CPU.Build.0 = Release|Any CPU
		{6ED76D34-4035-43F6-9597-A4935AF14111}.Debug|Any CPU.ActiveCfg = Debug|Any CPU
		{6ED76D34-4035-43F6-9597-A4935AF14111}.Debug|Any CPU.Build.0 = Debug|Any CPU
		{6ED76D34-4035-43F6-9597-A4935AF14111}.Release|Any CPU.ActiveCfg = Release|Any CPU
		{6ED76D34-4035-43F6-9597-A4935AF14111}.Release|Any CPU.Build.0 = Release|Any CPU
		{F08DDDD1-0926-427C-B6CC-460F7FFE4AAF}.Debug|Any CPU.ActiveCfg = Debug|Any CPU
		{F08DDDD1-0926-427C-B6CC-460F7FFE4AAF}.Debug|Any CPU.Build.0 = Debug|Any CPU
		{F08DDDD1-0926-427C-B6CC-460F7FFE4AAF}.Release|Any CPU.ActiveCfg = Release|Any CPU
		{F08DDDD1-0926-427C-B6CC-460F7FFE4AAF}.Release|Any CPU.Build.0 = Release|Any CPU
		{958C21FB-C63C-4FCE-96D9-3F613EC270E8}.Debug|Any CPU.ActiveCfg = Debug|Any CPU
		{958C21FB-C63C-4FCE-96D9-3F613EC270E8}.Debug|Any CPU.Build.0 = Debug|Any CPU
		{958C21FB-C63C-4FCE-96D9-3F613EC270E8}.Release|Any CPU.ActiveCfg = Release|Any CPU
		{958C21FB-C63C-4FCE-96D9-3F613EC270E8}.Release|Any CPU.Build.0 = Release|Any CPU
	EndGlobalSection
	GlobalSection(SolutionProperties) = preSolution
		HideSolutionNode = FALSE
	EndGlobalSection
	GlobalSection(ExtensibilityGlobals) = postSolution
		SolutionGuid = {6C13516E-9F96-478C-BCC6-F2EB0D50CF3B}
	EndGlobalSection
EndGlobal
